
Microsoft Visual Studio Solution File, Format Version 12.00
# Visual Studio 15
VisualStudioVersion = 15.0.28010.2041
MinimumVisualStudioVersion = 10.0.40219.1
Project("{FAE04EC0-301F-11D3-BF4B-00C04F79EFBC}") = "Setup", "Setup\Setup.csproj", "{FCEDA2CA-1B63-467B-B3E0-239A62F50033}"
EndProject
Project("{FAE04EC0-301F-11D3-BF4B-00C04F79EFBC}") = "GridSystem", "GridSystem\GridSystem.csproj", "{12D315E2-729B-4B15-8ADD-209F6C71418A}"
EndProject
Project("{FAE04EC0-301F-11D3-BF4B-00C04F79EFBC}") = "Modal", "Modal\Modal.csproj", "{3D72BD8F-D0F8-48B2-A2FA-959E21D0F27B}"
EndProject
Project("{FAE04EC0-301F-11D3-BF4B-00C04F79EFBC}") = "Title", "Title\Title.csproj", "{D7BE441B-3EC8-4A78-92C4-990434586A09}"
EndProject
Global
	GlobalSection(SolutionConfigurationPlatforms) = preSolution
		Debug|Any CPU = Debug|Any CPU
		Release|Any CPU = Release|Any CPU
	EndGlobalSection
	GlobalSection(ProjectConfigurationPlatforms) = postSolution
		{FCEDA2CA-1B63-467B-B3E0-239A62F50033}.Debug|Any CPU.ActiveCfg = Debug|Any CPU
		{FCEDA2CA-1B63-467B-B3E0-239A62F50033}.Debug|Any CPU.Build.0 = Debug|Any CPU
		{FCEDA2CA-1B63-467B-B3E0-239A62F50033}.Release|Any CPU.ActiveCfg = Release|Any CPU
		{FCEDA2CA-1B63-467B-B3E0-239A62F50033}.Release|Any CPU.Build.0 = Release|Any CPU
		{12D315E2-729B-4B15-8ADD-209F6C71418A}.Debug|Any CPU.ActiveCfg = Debug|Any CPU
		{12D315E2-729B-4B15-8ADD-209F6C71418A}.Debug|Any CPU.Build.0 = Debug|Any CPU
		{12D315E2-729B-4B15-8ADD-209F6C71418A}.Release|Any CPU.ActiveCfg = Release|Any CPU
		{12D315E2-729B-4B15-8ADD-209F6C71418A}.Release|Any CPU.Build.0 = Release|Any CPU
		{3D72BD8F-D0F8-48B2-A2FA-959E21D0F27B}.Debug|Any CPU.ActiveCfg = Debug|Any CPU
		{3D72BD8F-D0F8-48B2-A2FA-959E21D0F27B}.Debug|Any CPU.Build.0 = Debug|Any CPU
		{3D72BD8F-D0F8-48B2-A2FA-959E21D0F27B}.Release|Any CPU.ActiveCfg = Release|Any CPU
		{3D72BD8F-D0F8-48B2-A2FA-959E21D0F27B}.Release|Any CPU.Build.0 = Release|Any CPU
		{D7BE441B-3EC8-4A78-92C4-990434586A09}.Debug|Any CPU.ActiveCfg = Debug|Any CPU
		{D7BE441B-3EC8-4A78-92C4-990434586A09}.Debug|Any CPU.Build.0 = Debug|Any CPU
		{D7BE441B-3EC8-4A78-92C4-990434586A09}.Release|Any CPU.ActiveCfg = Release|Any CPU
		{D7BE441B-3EC8-4A78-92C4-990434586A09}.Release|Any CPU.Build.0 = Release|Any CPU
	EndGlobalSection
	GlobalSection(SolutionProperties) = preSolution
		HideSolutionNode = FALSE
	EndGlobalSection
	GlobalSection(ExtensibilityGlobals) = postSolution
		SolutionGuid = {DA21E19D-6BE7-4155-87CD-7FB47B987578}
	EndGlobalSection
EndGlobal
